
Microsoft Visual Studio Solution File, Format Version 12.00
# Visual Studio Version 17
VisualStudioVersion = 17.7.34031.279
MinimumVisualStudioVersion = 10.0.40219.1
Project("{9A19103F-16F7-4668-BE54-9A1E7A4F7556}") = "MyBlog.App", "MyBlog.App\MyBlog.App.csproj", "{F30CFBCB-0B01-4ED1-A11F-B13E0ED477F2}"
EndProject
Project("{9A19103F-16F7-4668-BE54-9A1E7A4F7556}") = "MyBlog.Data", "MyBlog.Data\MyBlog.Data.csproj", "{5987AF7C-9606-43EE-9593-18682154A0B8}"
EndProject
Project("{9A19103F-16F7-4668-BE54-9A1E7A4F7556}") = "MyBlog.BLL", "MyBlog.BLL\MyBlog.BLL.csproj", "{068ED497-BA4B-48DF-8A75-DD7CA072FE4A}"
EndProject
Global
	GlobalSection(SolutionConfigurationPlatforms) = preSolution
		Debug|Any CPU = Debug|Any CPU
		Release|Any CPU = Release|Any CPU
	EndGlobalSection
	GlobalSection(ProjectConfigurationPlatforms) = postSolution
		{F30CFBCB-0B01-4ED1-A11F-B13E0ED477F2}.Debug|Any CPU.ActiveCfg = Debug|Any CPU
		{F30CFBCB-0B01-4ED1-A11F-B13E0ED477F2}.Debug|Any CPU.Build.0 = Debug|Any CPU
		{F30CFBCB-0B01-4ED1-A11F-B13E0ED477F2}.Release|Any CPU.ActiveCfg = Release|Any CPU
		{F30CFBCB-0B01-4ED1-A11F-B13E0ED477F2}.Release|Any CPU.Build.0 = Release|Any CPU
		{5987AF7C-9606-43EE-9593-18682154A0B8}.Debug|Any CPU.ActiveCfg = Debug|Any CPU
		{5987AF7C-9606-43EE-9593-18682154A0B8}.Debug|Any CPU.Build.0 = Debug|Any CPU
		{5987AF7C-9606-43EE-9593-18682154A0B8}.Release|Any CPU.ActiveCfg = Release|Any CPU
		{5987AF7C-9606-43EE-9593-18682154A0B8}.Release|Any CPU.Build.0 = Release|Any CPU
		{068ED497-BA4B-48DF-8A75-DD7CA072FE4A}.Debug|Any CPU.ActiveCfg = Debug|Any CPU
		{068ED497-BA4B-48DF-8A75-DD7CA072FE4A}.Debug|Any CPU.Build.0 = Debug|Any CPU
		{068ED497-BA4B-48DF-8A75-DD7CA072FE4A}.Release|Any CPU.ActiveCfg = Release|Any CPU
		{068ED497-BA4B-48DF-8A75-DD7CA072FE4A}.Release|Any CPU.Build.0 = Release|Any CPU
	EndGlobalSection
	GlobalSection(SolutionProperties) = preSolution
		HideSolutionNode = FALSE
	EndGlobalSection
	GlobalSection(ExtensibilityGlobals) = postSolution
		SolutionGuid = {F5619986-5680-44B9-9082-416A99BB05A2}
	EndGlobalSection
EndGlobal
